
Microsoft Visual Studio Solution File, Format Version 12.00
# Visual Studio Version 16
VisualStudioVersion = 16.0.29709.97
MinimumVisualStudioVersion = 10.0.40219.1
Project("{FAE04EC0-301F-11D3-BF4B-00C04F79EFBC}") = "GetWildWeb", "GetWild\GetWildWeb.csproj", "{A0504C34-BFC0-4234-855E-E3FF51F5FCB7}"
	ProjectSection(ProjectDependencies) = postProject
		{1F81FF35-8F22-4C15-8BA4-5389F8EF6A39} = {1F81FF35-8F22-4C15-8BA4-5389F8EF6A39}
	EndProjectSection
EndProject
Project("{FAE04EC0-301F-11D3-BF4B-00C04F79EFBC}") = "DAL", "DAL\DAL.csproj", "{672EFE6D-A3B3-46DE-899B-70800B714AA4}"
	ProjectSection(ProjectDependencies) = postProject
		{5FC9327F-B769-4FA6-99AF-CDA53CC2290F} = {5FC9327F-B769-4FA6-99AF-CDA53CC2290F}
	EndProjectSection
EndProject
Project("{FAE04EC0-301F-11D3-BF4B-00C04F79EFBC}") = "BLL", "BLL\BLL.csproj", "{1F81FF35-8F22-4C15-8BA4-5389F8EF6A39}"
	ProjectSection(ProjectDependencies) = postProject
		{5FC9327F-B769-4FA6-99AF-CDA53CC2290F} = {5FC9327F-B769-4FA6-99AF-CDA53CC2290F}
	EndProjectSection
EndProject
Project("{FAE04EC0-301F-11D3-BF4B-00C04F79EFBC}") = "InShapeModels", "InShapeModels\InShapeModels.csproj", "{3844BA7B-54B9-4EE4-93FE-E7AC877C0BBE}"
EndProject
Project("{FAE04EC0-301F-11D3-BF4B-00C04F79EFBC}") = "Utilities", "Utilities\Utilities.csproj", "{5FC9327F-B769-4FA6-99AF-CDA53CC2290F}"
EndProject
Project("{FAE04EC0-301F-11D3-BF4B-00C04F79EFBC}") = "UnitTestInShape", "UnitTestInShape\UnitTestInShape.csproj", "{B1CE0D95-3869-424F-A192-421643CC5452}"
EndProject
Project("{00D1A9C2-B5F0-4AF3-8072-F6C62B433612}") = "LocalDBtoProject", "DatabaseCompare\LocalDBtoProject.scmp", "{A54B29B4-3582-4487-89B6-660649AFA689}"
EndProject
Global
	GlobalSection(SolutionConfigurationPlatforms) = preSolution
		Debug|Any CPU = Debug|Any CPU
		Development|Any CPU = Development|Any CPU
		GetWild|Any CPU = GetWild|Any CPU
		InShape|Any CPU = InShape|Any CPU
		PulseStudio|Any CPU = PulseStudio|Any CPU
		Release|Any CPU = Release|Any CPU
		SBH|Any CPU = SBH|Any CPU
	EndGlobalSection
	GlobalSection(ProjectConfigurationPlatforms) = postSolution
		{A0504C34-BFC0-4234-855E-E3FF51F5FCB7}.Debug|Any CPU.ActiveCfg = Debug|Any CPU
		{A0504C34-BFC0-4234-855E-E3FF51F5FCB7}.Debug|Any CPU.Build.0 = Debug|Any CPU
		{A0504C34-BFC0-4234-855E-E3FF51F5FCB7}.Development|Any CPU.ActiveCfg = Debug|Any CPU
		{A0504C34-BFC0-4234-855E-E3FF51F5FCB7}.Development|Any CPU.Build.0 = Debug|Any CPU
		{A0504C34-BFC0-4234-855E-E3FF51F5FCB7}.GetWild|Any CPU.ActiveCfg = GetWild|Any CPU
		{A0504C34-BFC0-4234-855E-E3FF51F5FCB7}.GetWild|Any CPU.Build.0 = GetWild|Any CPU
		{A0504C34-BFC0-4234-855E-E3FF51F5FCB7}.InShape|Any CPU.ActiveCfg = InShape|Any CPU
		{A0504C34-BFC0-4234-855E-E3FF51F5FCB7}.InShape|Any CPU.Build.0 = InShape|Any CPU
		{A0504C34-BFC0-4234-855E-E3FF51F5FCB7}.PulseStudio|Any CPU.ActiveCfg = PulseStudio|Any CPU
		{A0504C34-BFC0-4234-855E-E3FF51F5FCB7}.PulseStudio|Any CPU.Build.0 = PulseStudio|Any CPU
		{A0504C34-BFC0-4234-855E-E3FF51F5FCB7}.Release|Any CPU.ActiveCfg = Release|Any CPU
		{A0504C34-BFC0-4234-855E-E3FF51F5FCB7}.Release|Any CPU.Build.0 = Release|Any CPU
		{A0504C34-BFC0-4234-855E-E3FF51F5FCB7}.SBH|Any CPU.ActiveCfg = SBH|Any CPU
		{A0504C34-BFC0-4234-855E-E3FF51F5FCB7}.SBH|Any CPU.Build.0 = SBH|Any CPU
		{672EFE6D-A3B3-46DE-899B-70800B714AA4}.Debug|Any CPU.ActiveCfg = Debug|Any CPU
		{672EFE6D-A3B3-46DE-899B-70800B714AA4}.Debug|Any CPU.Build.0 = Debug|Any CPU
		{672EFE6D-A3B3-46DE-899B-70800B714AA4}.Development|Any CPU.ActiveCfg = Debug|Any CPU
		{672EFE6D-A3B3-46DE-899B-70800B714AA4}.Development|Any CPU.Build.0 = Debug|Any CPU
		{672EFE6D-A3B3-46DE-899B-70800B714AA4}.GetWild|Any CPU.ActiveCfg = GetWild|Any CPU
		{672EFE6D-A3B3-46DE-899B-70800B714AA4}.GetWild|Any CPU.Build.0 = GetWild|Any CPU
		{672EFE6D-A3B3-46DE-899B-70800B714AA4}.InShape|Any CPU.ActiveCfg = InShape|Any CPU
		{672EFE6D-A3B3-46DE-899B-70800B714AA4}.InShape|Any CPU.Build.0 = InShape|Any CPU
		{672EFE6D-A3B3-46DE-899B-70800B714AA4}.PulseStudio|Any CPU.ActiveCfg = PulseStudio|Any CPU
		{672EFE6D-A3B3-46DE-899B-70800B714AA4}.PulseStudio|Any CPU.Build.0 = PulseStudio|Any CPU
		{672EFE6D-A3B3-46DE-899B-70800B714AA4}.Release|Any CPU.ActiveCfg = Release|Any CPU
		{672EFE6D-A3B3-46DE-899B-70800B714AA4}.Release|Any CPU.Build.0 = Release|Any CPU
		{672EFE6D-A3B3-46DE-899B-70800B714AA4}.SBH|Any CPU.ActiveCfg = SBH|Any CPU
		{672EFE6D-A3B3-46DE-899B-70800B714AA4}.SBH|Any CPU.Build.0 = SBH|Any CPU
		{1F81FF35-8F22-4C15-8BA4-5389F8EF6A39}.Debug|Any CPU.ActiveCfg = Debug|Any CPU
		{1F81FF35-8F22-4C15-8BA4-5389F8EF6A39}.Debug|Any CPU.Build.0 = Debug|Any CPU
		{1F81FF35-8F22-4C15-8BA4-5389F8EF6A39}.Development|Any CPU.ActiveCfg = Debug|Any CPU
		{1F81FF35-8F22-4C15-8BA4-5389F8EF6A39}.Development|Any CPU.Build.0 = Debug|Any CPU
		{1F81FF35-8F22-4C15-8BA4-5389F8EF6A39}.GetWild|Any CPU.ActiveCfg = GetWild|Any CPU
		{1F81FF35-8F22-4C15-8BA4-5389F8EF6A39}.GetWild|Any CPU.Build.0 = GetWild|Any CPU
		{1F81FF35-8F22-4C15-8BA4-5389F8EF6A39}.InShape|Any CPU.ActiveCfg = InShape|Any CPU
		{1F81FF35-8F22-4C15-8BA4-5389F8EF6A39}.InShape|Any CPU.Build.0 = InShape|Any CPU
		{1F81FF35-8F22-4C15-8BA4-5389F8EF6A39}.PulseStudio|Any CPU.ActiveCfg = PulseStudio|Any CPU
		{1F81FF35-8F22-4C15-8BA4-5389F8EF6A39}.PulseStudio|Any CPU.Build.0 = PulseStudio|Any CPU
		{1F81FF35-8F22-4C15-8BA4-5389F8EF6A39}.Release|Any CPU.ActiveCfg = Release|Any CPU
		{1F81FF35-8F22-4C15-8BA4-5389F8EF6A39}.Release|Any CPU.Build.0 = Release|Any CPU
		{1F81FF35-8F22-4C15-8BA4-5389F8EF6A39}.SBH|Any CPU.ActiveCfg = SBH|Any CPU
		{1F81FF35-8F22-4C15-8BA4-5389F8EF6A39}.SBH|Any CPU.Build.0 = SBH|Any CPU
		{3844BA7B-54B9-4EE4-93FE-E7AC877C0BBE}.Debug|Any CPU.ActiveCfg = Debug|Any CPU
		{3844BA7B-54B9-4EE4-93FE-E7AC877C0BBE}.Debug|Any CPU.Build.0 = Debug|Any CPU
		{3844BA7B-54B9-4EE4-93FE-E7AC877C0BBE}.Development|Any CPU.ActiveCfg = Debug|Any CPU
		{3844BA7B-54B9-4EE4-93FE-E7AC877C0BBE}.Development|Any CPU.Build.0 = Debug|Any CPU
		{3844BA7B-54B9-4EE4-93FE-E7AC877C0BBE}.GetWild|Any CPU.ActiveCfg = GetWild|Any CPU
		{3844BA7B-54B9-4EE4-93FE-E7AC877C0BBE}.GetWild|Any CPU.Build.0 = GetWild|Any CPU
		{3844BA7B-54B9-4EE4-93FE-E7AC877C0BBE}.InShape|Any CPU.ActiveCfg = InShape|Any CPU
		{3844BA7B-54B9-4EE4-93FE-E7AC877C0BBE}.InShape|Any CPU.Build.0 = InShape|Any CPU
		{3844BA7B-54B9-4EE4-93FE-E7AC877C0BBE}.PulseStudio|Any CPU.ActiveCfg = PulseStudio|Any CPU
		{3844BA7B-54B9-4EE4-93FE-E7AC877C0BBE}.PulseStudio|Any CPU.Build.0 = PulseStudio|Any CPU
		{3844BA7B-54B9-4EE4-93FE-E7AC877C0BBE}.Release|Any CPU.ActiveCfg = Release|Any CPU
		{3844BA7B-54B9-4EE4-93FE-E7AC877C0BBE}.Release|Any CPU.Build.0 = Release|Any CPU
		{3844BA7B-54B9-4EE4-93FE-E7AC877C0BBE}.SBH|Any CPU.ActiveCfg = SBH|Any CPU
		{3844BA7B-54B9-4EE4-93FE-E7AC877C0BBE}.SBH|Any CPU.Build.0 = SBH|Any CPU
		{5FC9327F-B769-4FA6-99AF-CDA53CC2290F}.Debug|Any CPU.ActiveCfg = Debug|Any CPU
		{5FC9327F-B769-4FA6-99AF-CDA53CC2290F}.Debug|Any CPU.Build.0 = Debug|Any CPU
		{5FC9327F-B769-4FA6-99AF-CDA53CC2290F}.Development|Any CPU.ActiveCfg = Debug|Any CPU
		{5FC9327F-B769-4FA6-99AF-CDA53CC2290F}.Development|Any CPU.Build.0 = Debug|Any CPU
		{5FC9327F-B769-4FA6-99AF-CDA53CC2290F}.GetWild|Any CPU.ActiveCfg = GetWild|Any CPU
		{5FC9327F-B769-4FA6-99AF-CDA53CC2290F}.GetWild|Any CPU.Build.0 = GetWild|Any CPU
		{5FC9327F-B769-4FA6-99AF-CDA53CC2290F}.InShape|Any CPU.ActiveCfg = InShape|Any CPU
		{5FC9327F-B769-4FA6-99AF-CDA53CC2290F}.InShape|Any CPU.Build.0 = InShape|Any CPU
		{5FC9327F-B769-4FA6-99AF-CDA53CC2290F}.PulseStudio|Any CPU.ActiveCfg = PulseStudio|Any CPU
		{5FC9327F-B769-4FA6-99AF-CDA53CC2290F}.PulseStudio|Any CPU.Build.0 = PulseStudio|Any CPU
		{5FC9327F-B769-4FA6-99AF-CDA53CC2290F}.Release|Any CPU.ActiveCfg = Release|Any CPU
		{5FC9327F-B769-4FA6-99AF-CDA53CC2290F}.Release|Any CPU.Build.0 = Release|Any CPU
		{5FC9327F-B769-4FA6-99AF-CDA53CC2290F}.SBH|Any CPU.ActiveCfg = SBH|Any CPU
		{5FC9327F-B769-4FA6-99AF-CDA53CC2290F}.SBH|Any CPU.Build.0 = SBH|Any CPU
		{B1CE0D95-3869-424F-A192-421643CC5452}.Debug|Any CPU.ActiveCfg = Debug|Any CPU
		{B1CE0D95-3869-424F-A192-421643CC5452}.Debug|Any CPU.Build.0 = Debug|Any CPU
		{B1CE0D95-3869-424F-A192-421643CC5452}.Development|Any CPU.ActiveCfg = Debug|Any CPU
		{B1CE0D95-3869-424F-A192-421643CC5452}.Development|Any CPU.Build.0 = Debug|Any CPU
		{B1CE0D95-3869-424F-A192-421643CC5452}.GetWild|Any CPU.ActiveCfg = GetWild|Any CPU
		{B1CE0D95-3869-424F-A192-421643CC5452}.GetWild|Any CPU.Build.0 = GetWild|Any CPU
		{B1CE0D95-3869-424F-A192-421643CC5452}.InShape|Any CPU.ActiveCfg = InShape|Any CPU
		{B1CE0D95-3869-424F-A192-421643CC5452}.InShape|Any CPU.Build.0 = InShape|Any CPU
		{B1CE0D95-3869-424F-A192-421643CC5452}.PulseStudio|Any CPU.ActiveCfg = Debug|Any CPU
		{B1CE0D95-3869-424F-A192-421643CC5452}.PulseStudio|Any CPU.Build.0 = Debug|Any CPU
		{B1CE0D95-3869-424F-A192-421643CC5452}.Release|Any CPU.ActiveCfg = Release|Any CPU
		{B1CE0D95-3869-424F-A192-421643CC5452}.Release|Any CPU.Build.0 = Release|Any CPU
		{B1CE0D95-3869-424F-A192-421643CC5452}.SBH|Any CPU.ActiveCfg = SBH|Any CPU
		{B1CE0D95-3869-424F-A192-421643CC5452}.SBH|Any CPU.Build.0 = SBH|Any CPU
		{A54B29B4-3582-4487-89B6-660649AFA689}.Debug|Any CPU.ActiveCfg = Debug|Any CPU
		{A54B29B4-3582-4487-89B6-660649AFA689}.Development|Any CPU.ActiveCfg = Debug|Any CPU
		{A54B29B4-3582-4487-89B6-660649AFA689}.Development|Any CPU.Build.0 = Debug|Any CPU
		{A54B29B4-3582-4487-89B6-660649AFA689}.Development|Any CPU.Deploy.0 = Debug|Any CPU
		{A54B29B4-3582-4487-89B6-660649AFA689}.GetWild|Any CPU.ActiveCfg = Debug|Any CPU
		{A54B29B4-3582-4487-89B6-660649AFA689}.InShape|Any CPU.ActiveCfg = InShape|Any CPU
		{A54B29B4-3582-4487-89B6-660649AFA689}.InShape|Any CPU.Deploy.0 = InShape|Any CPU
		{A54B29B4-3582-4487-89B6-660649AFA689}.PulseStudio|Any CPU.ActiveCfg = Debug|Any CPU
		{A54B29B4-3582-4487-89B6-660649AFA689}.Release|Any CPU.ActiveCfg = Release|Any CPU
		{A54B29B4-3582-4487-89B6-660649AFA689}.SBH|Any CPU.ActiveCfg = SBH|Any CPU
	EndGlobalSection
	GlobalSection(SolutionProperties) = preSolution
		HideSolutionNode = FALSE
	EndGlobalSection
	GlobalSection(ExtensibilityGlobals) = postSolution
		SolutionGuid = {3F50B01D-6610-4269-BE2B-46811CBDDC44}
	EndGlobalSection
EndGlobal
